{
  "name": "worker",
  "lockfileVersion": 3,
  "requires": true,
  "packages": {
    "": {
      "name": "worker",
      "dependencies": {
        "multi-analysis-monorepo": "file:.."
      }
    },
    "..": {
      "name": "multi-analysis-monorepo",
      "dependencies": {
        "csv-parse": "^6.1.0",
        "dotenv": "^17.2.1",
        "node-fetch": "^3.3.2"
      },
      "devDependencies": {
        "concurrently": "^8.2.2"
      }
    },
    "node_modules/multi-analysis-monorepo": {
      "resolved": "..",
      "link": true
    }
  }
}
